
Microsoft Visual Studio Solution File, Format Version 12.00
# Visual Studio Version 17
VisualStudioVersion = 17.14.35906.104 d17.14
MinimumVisualStudioVersion = 10.0.40219.1
Project("{FAE04EC0-301F-11D3-BF4B-00C04F79EFBC}") = "Marbles2551", "Marbles2551\Marbles2551.csproj", "{4C87D8BD-C24C-4C8D-81EE-991A7F935FE4}"
EndProject
Global
	GlobalSection(SolutionConfigurationPlatforms) = preSolution
		Debug|Any CPU = Debug|Any CPU
		Release|Any CPU = Release|Any CPU
	EndGlobalSection
	GlobalSection(ProjectConfigurationPlatforms) = postSolution
		{4C87D8BD-C24C-4C8D-81EE-991A7F935FE4}.Debug|Any CPU.ActiveCfg = Debug|Any CPU
		{4C87D8BD-C24C-4C8D-81EE-991A7F935FE4}.Debug|Any CPU.Build.0 = Debug|Any CPU
		{4C87D8BD-C24C-4C8D-81EE-991A7F935FE4}.Release|Any CPU.ActiveCfg = Release|Any CPU
		{4C87D8BD-C24C-4C8D-81EE-991A7F935FE4}.Release|Any CPU.Build.0 = Release|Any CPU
	EndGlobalSection
	GlobalSection(SolutionProperties) = preSolution
		HideSolutionNode = FALSE
	EndGlobalSection
	GlobalSection(ExtensibilityGlobals) = postSolution
		SolutionGuid = {18F908CA-2D08-4262-993F-1A3046F008BA}
	EndGlobalSection
EndGlobal
