
Microsoft Visual Studio Solution File, Format Version 12.00
# Visual Studio Version 17
VisualStudioVersion = 17.14.35906.104 d17.14
MinimumVisualStudioVersion = 10.0.40219.1
Project("{FAE04EC0-301F-11D3-BF4B-00C04F79EFBC}") = "EnumerableVsEnumeratorBenchmark", "EnumerableVsEnumeratorBenchmark\EnumerableVsEnumeratorBenchmark.csproj", "{B40B0B09-0AD7-47EA-8A9A-3CD8FBAE8352}"
EndProject
Global
	GlobalSection(SolutionConfigurationPlatforms) = preSolution
		Debug|Any CPU = Debug|Any CPU
		Release|Any CPU = Release|Any CPU
	EndGlobalSection
	GlobalSection(ProjectConfigurationPlatforms) = postSolution
		{B40B0B09-0AD7-47EA-8A9A-3CD8FBAE8352}.Debug|Any CPU.ActiveCfg = Debug|Any CPU
		{B40B0B09-0AD7-47EA-8A9A-3CD8FBAE8352}.Debug|Any CPU.Build.0 = Debug|Any CPU
		{B40B0B09-0AD7-47EA-8A9A-3CD8FBAE8352}.Release|Any CPU.ActiveCfg = Release|Any CPU
		{B40B0B09-0AD7-47EA-8A9A-3CD8FBAE8352}.Release|Any CPU.Build.0 = Release|Any CPU
	EndGlobalSection
	GlobalSection(SolutionProperties) = preSolution
		HideSolutionNode = FALSE
	EndGlobalSection
	GlobalSection(ExtensibilityGlobals) = postSolution
		SolutionGuid = {46A08CCF-7A84-4803-94D8-0E7BBC23C334}
	EndGlobalSection
EndGlobal
