
Microsoft Visual Studio Solution File, Format Version 12.00
# Visual Studio Version 17
VisualStudioVersion = 17.10.35122.118
MinimumVisualStudioVersion = 10.0.40219.1
Project("{FAE04EC0-301F-11D3-BF4B-00C04F79EFBC}") = "Turnierplaner", "Turnierplaner\Turnierplaner.csproj", "{D7285D47-D611-4D34-957F-8E5EF057EBDF}"
EndProject
Global
	GlobalSection(SolutionConfigurationPlatforms) = preSolution
		Debug|Any CPU = Debug|Any CPU
		Release|Any CPU = Release|Any CPU
	EndGlobalSection
	GlobalSection(ProjectConfigurationPlatforms) = postSolution
		{D7285D47-D611-4D34-957F-8E5EF057EBDF}.Debug|Any CPU.ActiveCfg = Debug|Any CPU
		{D7285D47-D611-4D34-957F-8E5EF057EBDF}.Debug|Any CPU.Build.0 = Debug|Any CPU
		{D7285D47-D611-4D34-957F-8E5EF057EBDF}.Release|Any CPU.ActiveCfg = Release|Any CPU
		{D7285D47-D611-4D34-957F-8E5EF057EBDF}.Release|Any CPU.Build.0 = Release|Any CPU
	EndGlobalSection
	GlobalSection(SolutionProperties) = preSolution
		HideSolutionNode = FALSE
	EndGlobalSection
	GlobalSection(ExtensibilityGlobals) = postSolution
		SolutionGuid = {2B03D3E5-E3CB-49BB-A782-25B53BD43D2D}
	EndGlobalSection
EndGlobal
