
Microsoft Visual Studio Solution File, Format Version 12.00
# Visual Studio Version 17
VisualStudioVersion = 17.14.35821.62 d17.14
MinimumVisualStudioVersion = 10.0.40219.1
Project("{FAE04EC0-301F-11D3-BF4B-00C04F79EFBC}") = "EnglischWörterbuchChemnitz", "EnglischWörterbuchChemnitz\EnglischWörterbuchChemnitz.csproj", "{2C663845-826C-48A5-A9D9-D4F11F8C08BD}"
EndProject
Global
	GlobalSection(SolutionConfigurationPlatforms) = preSolution
		Debug|Any CPU = Debug|Any CPU
		Release|Any CPU = Release|Any CPU
	EndGlobalSection
	GlobalSection(ProjectConfigurationPlatforms) = postSolution
		{2C663845-826C-48A5-A9D9-D4F11F8C08BD}.Debug|Any CPU.ActiveCfg = Debug|Any CPU
		{2C663845-826C-48A5-A9D9-D4F11F8C08BD}.Debug|Any CPU.Build.0 = Debug|Any CPU
		{2C663845-826C-48A5-A9D9-D4F11F8C08BD}.Release|Any CPU.ActiveCfg = Release|Any CPU
		{2C663845-826C-48A5-A9D9-D4F11F8C08BD}.Release|Any CPU.Build.0 = Release|Any CPU
	EndGlobalSection
	GlobalSection(SolutionProperties) = preSolution
		HideSolutionNode = FALSE
	EndGlobalSection
	GlobalSection(ExtensibilityGlobals) = postSolution
		SolutionGuid = {49807BB4-1BE6-458A-876D-514BCF6E416F}
	EndGlobalSection
EndGlobal
