
Microsoft Visual Studio Solution File, Format Version 12.00
# Visual Studio Version 17
VisualStudioVersion = 17.13.35731.43 d17.13
MinimumVisualStudioVersion = 10.0.40219.1
Project("{FAE04EC0-301F-11D3-BF4B-00C04F79EFBC}") = "EraseOverlapIntervals", "EraseOverlapIntervals\EraseOverlapIntervals.csproj", "{736011B2-6699-4335-9E4A-DA7472BDAFAC}"
EndProject
Global
	GlobalSection(SolutionConfigurationPlatforms) = preSolution
		Debug|Any CPU = Debug|Any CPU
		Release|Any CPU = Release|Any CPU
	EndGlobalSection
	GlobalSection(ProjectConfigurationPlatforms) = postSolution
		{736011B2-6699-4335-9E4A-DA7472BDAFAC}.Debug|Any CPU.ActiveCfg = Debug|Any CPU
		{736011B2-6699-4335-9E4A-DA7472BDAFAC}.Debug|Any CPU.Build.0 = Debug|Any CPU
		{736011B2-6699-4335-9E4A-DA7472BDAFAC}.Release|Any CPU.ActiveCfg = Release|Any CPU
		{736011B2-6699-4335-9E4A-DA7472BDAFAC}.Release|Any CPU.Build.0 = Release|Any CPU
	EndGlobalSection
	GlobalSection(SolutionProperties) = preSolution
		HideSolutionNode = FALSE
	EndGlobalSection
	GlobalSection(ExtensibilityGlobals) = postSolution
		SolutionGuid = {CB42B442-2C1E-4EA1-8504-369746F9E7F6}
	EndGlobalSection
EndGlobal
