
Microsoft Visual Studio Solution File, Format Version 12.00
# Visual Studio Version 17
VisualStudioVersion = 17.9.34622.214
MinimumVisualStudioVersion = 10.0.40219.1
Project("{FAE04EC0-301F-11D3-BF4B-00C04F79EFBC}") = "ReversePrefix", "ReversePrefix.csproj", "{7BEE58C0-BE48-4FD0-9D01-187B250AF20D}"
EndProject
Global
	GlobalSection(SolutionConfigurationPlatforms) = preSolution
		Debug|Any CPU = Debug|Any CPU
		Release|Any CPU = Release|Any CPU
	EndGlobalSection
	GlobalSection(ProjectConfigurationPlatforms) = postSolution
		{7BEE58C0-BE48-4FD0-9D01-187B250AF20D}.Debug|Any CPU.ActiveCfg = Debug|Any CPU
		{7BEE58C0-BE48-4FD0-9D01-187B250AF20D}.Debug|Any CPU.Build.0 = Debug|Any CPU
		{7BEE58C0-BE48-4FD0-9D01-187B250AF20D}.Release|Any CPU.ActiveCfg = Release|Any CPU
		{7BEE58C0-BE48-4FD0-9D01-187B250AF20D}.Release|Any CPU.Build.0 = Release|Any CPU
	EndGlobalSection
	GlobalSection(SolutionProperties) = preSolution
		HideSolutionNode = FALSE
	EndGlobalSection
	GlobalSection(ExtensibilityGlobals) = postSolution
		SolutionGuid = {A1C54A08-07D4-4210-A7D6-1DCB3D258967}
	EndGlobalSection
EndGlobal
