
Microsoft Visual Studio Solution File, Format Version 12.00
# Visual Studio Version 17
VisualStudioVersion = 17.11.35327.3
MinimumVisualStudioVersion = 10.0.40219.1
Project("{FAE04EC0-301F-11D3-BF4B-00C04F79EFBC}") = "AdapterPattern", "AdapterPattern\AdapterPattern.csproj", "{01AA678B-24BF-4CEB-B73B-30FCCE3D3063}"
EndProject
Global
	GlobalSection(SolutionConfigurationPlatforms) = preSolution
		Debug|Any CPU = Debug|Any CPU
		Release|Any CPU = Release|Any CPU
	EndGlobalSection
	GlobalSection(ProjectConfigurationPlatforms) = postSolution
		{01AA678B-24BF-4CEB-B73B-30FCCE3D3063}.Debug|Any CPU.ActiveCfg = Debug|Any CPU
		{01AA678B-24BF-4CEB-B73B-30FCCE3D3063}.Debug|Any CPU.Build.0 = Debug|Any CPU
		{01AA678B-24BF-4CEB-B73B-30FCCE3D3063}.Release|Any CPU.ActiveCfg = Release|Any CPU
		{01AA678B-24BF-4CEB-B73B-30FCCE3D3063}.Release|Any CPU.Build.0 = Release|Any CPU
	EndGlobalSection
	GlobalSection(SolutionProperties) = preSolution
		HideSolutionNode = FALSE
	EndGlobalSection
	GlobalSection(ExtensibilityGlobals) = postSolution
		SolutionGuid = {2B9E1E97-7EC6-43C9-8EFC-D4935B26BEB1}
	EndGlobalSection
EndGlobal
