
Microsoft Visual Studio Solution File, Format Version 12.00
# Visual Studio Version 17
VisualStudioVersion = 17.14.35906.104 d17.14
MinimumVisualStudioVersion = 10.0.40219.1
Project("{FAE04EC0-301F-11D3-BF4B-00C04F79EFBC}") = "OrderedTriplet2873", "OrderedTriplet2873\OrderedTriplet2873.csproj", "{87A82447-3D77-4384-97B7-47B06A7B438C}"
EndProject
Global
	GlobalSection(SolutionConfigurationPlatforms) = preSolution
		Debug|Any CPU = Debug|Any CPU
		Release|Any CPU = Release|Any CPU
	EndGlobalSection
	GlobalSection(ProjectConfigurationPlatforms) = postSolution
		{87A82447-3D77-4384-97B7-47B06A7B438C}.Debug|Any CPU.ActiveCfg = Debug|Any CPU
		{87A82447-3D77-4384-97B7-47B06A7B438C}.Debug|Any CPU.Build.0 = Debug|Any CPU
		{87A82447-3D77-4384-97B7-47B06A7B438C}.Release|Any CPU.ActiveCfg = Release|Any CPU
		{87A82447-3D77-4384-97B7-47B06A7B438C}.Release|Any CPU.Build.0 = Release|Any CPU
	EndGlobalSection
	GlobalSection(SolutionProperties) = preSolution
		HideSolutionNode = FALSE
	EndGlobalSection
	GlobalSection(ExtensibilityGlobals) = postSolution
		SolutionGuid = {CDA2B497-EE0A-493D-BADC-2B66EBA7A855}
	EndGlobalSection
EndGlobal
