
Microsoft Visual Studio Solution File, Format Version 12.00
# Visual Studio Version 17
VisualStudioVersion = 17.14.36025.13 d17.14
MinimumVisualStudioVersion = 10.0.40219.1
Project("{FAE04EC0-301F-11D3-BF4B-00C04F79EFBC}") = "ReverseLinkedList206", "ReverseLinkedList206\ReverseLinkedList206.csproj", "{3E2FD6F9-27E2-4BAF-AAD4-8A9E90E005EF}"
EndProject
Global
	GlobalSection(SolutionConfigurationPlatforms) = preSolution
		Debug|Any CPU = Debug|Any CPU
		Release|Any CPU = Release|Any CPU
	EndGlobalSection
	GlobalSection(ProjectConfigurationPlatforms) = postSolution
		{3E2FD6F9-27E2-4BAF-AAD4-8A9E90E005EF}.Debug|Any CPU.ActiveCfg = Debug|Any CPU
		{3E2FD6F9-27E2-4BAF-AAD4-8A9E90E005EF}.Debug|Any CPU.Build.0 = Debug|Any CPU
		{3E2FD6F9-27E2-4BAF-AAD4-8A9E90E005EF}.Release|Any CPU.ActiveCfg = Release|Any CPU
		{3E2FD6F9-27E2-4BAF-AAD4-8A9E90E005EF}.Release|Any CPU.Build.0 = Release|Any CPU
	EndGlobalSection
	GlobalSection(SolutionProperties) = preSolution
		HideSolutionNode = FALSE
	EndGlobalSection
	GlobalSection(ExtensibilityGlobals) = postSolution
		SolutionGuid = {790144FB-40CC-4C16-804F-029B47B1A3DF}
	EndGlobalSection
EndGlobal
