
Microsoft Visual Studio Solution File, Format Version 12.00
# Visual Studio Version 17
VisualStudioVersion = 17.9.34622.214
MinimumVisualStudioVersion = 10.0.40219.1
Project("{FAE04EC0-301F-11D3-BF4B-00C04F79EFBC}") = "Max_consecutive_Ones", "Max_consecutive_Ones.csproj", "{02FCEFC2-51EC-4372-AC92-7BF6BCBE7AFE}"
EndProject
Global
	GlobalSection(SolutionConfigurationPlatforms) = preSolution
		Debug|Any CPU = Debug|Any CPU
		Release|Any CPU = Release|Any CPU
	EndGlobalSection
	GlobalSection(ProjectConfigurationPlatforms) = postSolution
		{02FCEFC2-51EC-4372-AC92-7BF6BCBE7AFE}.Debug|Any CPU.ActiveCfg = Debug|Any CPU
		{02FCEFC2-51EC-4372-AC92-7BF6BCBE7AFE}.Debug|Any CPU.Build.0 = Debug|Any CPU
		{02FCEFC2-51EC-4372-AC92-7BF6BCBE7AFE}.Release|Any CPU.ActiveCfg = Release|Any CPU
		{02FCEFC2-51EC-4372-AC92-7BF6BCBE7AFE}.Release|Any CPU.Build.0 = Release|Any CPU
	EndGlobalSection
	GlobalSection(SolutionProperties) = preSolution
		HideSolutionNode = FALSE
	EndGlobalSection
	GlobalSection(ExtensibilityGlobals) = postSolution
		SolutionGuid = {66D66C19-8498-4A1E-9940-0925FACE2225}
	EndGlobalSection
EndGlobal
