
Microsoft Visual Studio Solution File, Format Version 12.00
# Visual Studio Version 17
VisualStudioVersion = 17.14.35906.104 d17.14
MinimumVisualStudioVersion = 10.0.40219.1
Project("{FAE04EC0-301F-11D3-BF4B-00C04F79EFBC}") = "MinOperations", "MinOperations\MinOperations.csproj", "{75843F2E-1797-4619-9A69-EF7BA4A05013}"
EndProject
Global
	GlobalSection(SolutionConfigurationPlatforms) = preSolution
		Debug|Any CPU = Debug|Any CPU
		Release|Any CPU = Release|Any CPU
	EndGlobalSection
	GlobalSection(ProjectConfigurationPlatforms) = postSolution
		{75843F2E-1797-4619-9A69-EF7BA4A05013}.Debug|Any CPU.ActiveCfg = Debug|Any CPU
		{75843F2E-1797-4619-9A69-EF7BA4A05013}.Debug|Any CPU.Build.0 = Debug|Any CPU
		{75843F2E-1797-4619-9A69-EF7BA4A05013}.Release|Any CPU.ActiveCfg = Release|Any CPU
		{75843F2E-1797-4619-9A69-EF7BA4A05013}.Release|Any CPU.Build.0 = Release|Any CPU
	EndGlobalSection
	GlobalSection(SolutionProperties) = preSolution
		HideSolutionNode = FALSE
	EndGlobalSection
	GlobalSection(ExtensibilityGlobals) = postSolution
		SolutionGuid = {CD434F39-2B03-4726-B229-A5956F974414}
	EndGlobalSection
EndGlobal
