
Microsoft Visual Studio Solution File, Format Version 12.00
# Visual Studio Version 17
VisualStudioVersion = 17.10.35122.118
MinimumVisualStudioVersion = 10.0.40219.1
Project("{FAE04EC0-301F-11D3-BF4B-00C04F79EFBC}") = "MergeSortAlgo", "MergeSortAlgo\MergeSortAlgo.csproj", "{FD452D9D-741E-4EAA-B5BF-2D2CE43EF238}"
EndProject
Global
	GlobalSection(SolutionConfigurationPlatforms) = preSolution
		Debug|Any CPU = Debug|Any CPU
		Release|Any CPU = Release|Any CPU
	EndGlobalSection
	GlobalSection(ProjectConfigurationPlatforms) = postSolution
		{FD452D9D-741E-4EAA-B5BF-2D2CE43EF238}.Debug|Any CPU.ActiveCfg = Debug|Any CPU
		{FD452D9D-741E-4EAA-B5BF-2D2CE43EF238}.Debug|Any CPU.Build.0 = Debug|Any CPU
		{FD452D9D-741E-4EAA-B5BF-2D2CE43EF238}.Release|Any CPU.ActiveCfg = Release|Any CPU
		{FD452D9D-741E-4EAA-B5BF-2D2CE43EF238}.Release|Any CPU.Build.0 = Release|Any CPU
	EndGlobalSection
	GlobalSection(SolutionProperties) = preSolution
		HideSolutionNode = FALSE
	EndGlobalSection
	GlobalSection(ExtensibilityGlobals) = postSolution
		SolutionGuid = {D9D8CDF6-24E8-4E84-AD27-DD219AB89838}
	EndGlobalSection
EndGlobal
