
Microsoft Visual Studio Solution File, Format Version 12.00
# Visual Studio Version 17
VisualStudioVersion = 17.10.35122.118
MinimumVisualStudioVersion = 10.0.40219.1
Project("{FAE04EC0-301F-11D3-BF4B-00C04F79EFBC}") = "ObserverDesignPattern", "ObserverDesignPattern\ObserverDesignPattern.csproj", "{20E5F6D6-A3B8-4098-A85B-81534B4B6701}"
EndProject
Global
	GlobalSection(SolutionConfigurationPlatforms) = preSolution
		Debug|Any CPU = Debug|Any CPU
		Release|Any CPU = Release|Any CPU
	EndGlobalSection
	GlobalSection(ProjectConfigurationPlatforms) = postSolution
		{20E5F6D6-A3B8-4098-A85B-81534B4B6701}.Debug|Any CPU.ActiveCfg = Debug|Any CPU
		{20E5F6D6-A3B8-4098-A85B-81534B4B6701}.Debug|Any CPU.Build.0 = Debug|Any CPU
		{20E5F6D6-A3B8-4098-A85B-81534B4B6701}.Release|Any CPU.ActiveCfg = Release|Any CPU
		{20E5F6D6-A3B8-4098-A85B-81534B4B6701}.Release|Any CPU.Build.0 = Release|Any CPU
	EndGlobalSection
	GlobalSection(SolutionProperties) = preSolution
		HideSolutionNode = FALSE
	EndGlobalSection
	GlobalSection(ExtensibilityGlobals) = postSolution
		SolutionGuid = {8FB48472-745E-4986-9EC2-C6EDD10124F7}
	EndGlobalSection
EndGlobal
