
Microsoft Visual Studio Solution File, Format Version 12.00
# Visual Studio Version 17
VisualStudioVersion = 17.10.35027.167
MinimumVisualStudioVersion = 10.0.40219.1
Project("{FAE04EC0-301F-11D3-BF4B-00C04F79EFBC}") = "DelegatesAgain", "DelegatesAgain\DelegatesAgain.csproj", "{62C76543-3401-4A60-BA01-82CF520B88BE}"
EndProject
Global
	GlobalSection(SolutionConfigurationPlatforms) = preSolution
		Debug|Any CPU = Debug|Any CPU
		Release|Any CPU = Release|Any CPU
	EndGlobalSection
	GlobalSection(ProjectConfigurationPlatforms) = postSolution
		{62C76543-3401-4A60-BA01-82CF520B88BE}.Debug|Any CPU.ActiveCfg = Debug|Any CPU
		{62C76543-3401-4A60-BA01-82CF520B88BE}.Debug|Any CPU.Build.0 = Debug|Any CPU
		{62C76543-3401-4A60-BA01-82CF520B88BE}.Release|Any CPU.ActiveCfg = Release|Any CPU
		{62C76543-3401-4A60-BA01-82CF520B88BE}.Release|Any CPU.Build.0 = Release|Any CPU
	EndGlobalSection
	GlobalSection(SolutionProperties) = preSolution
		HideSolutionNode = FALSE
	EndGlobalSection
	GlobalSection(ExtensibilityGlobals) = postSolution
		SolutionGuid = {75AD0CF6-69E7-414E-9A4F-95CE21C3AF12}
	EndGlobalSection
EndGlobal
