
Microsoft Visual Studio Solution File, Format Version 12.00
# Visual Studio Version 17
VisualStudioVersion = 17.14.35821.62 d17.14
MinimumVisualStudioVersion = 10.0.40219.1
Project("{FAE04EC0-301F-11D3-BF4B-00C04F79EFBC}") = "TemplatePattern", "TemplatePattern\TemplatePattern.csproj", "{E27BBA25-1895-48EE-B24F-B8BA49FBF595}"
EndProject
Global
	GlobalSection(SolutionConfigurationPlatforms) = preSolution
		Debug|Any CPU = Debug|Any CPU
		Release|Any CPU = Release|Any CPU
	EndGlobalSection
	GlobalSection(ProjectConfigurationPlatforms) = postSolution
		{E27BBA25-1895-48EE-B24F-B8BA49FBF595}.Debug|Any CPU.ActiveCfg = Debug|Any CPU
		{E27BBA25-1895-48EE-B24F-B8BA49FBF595}.Debug|Any CPU.Build.0 = Debug|Any CPU
		{E27BBA25-1895-48EE-B24F-B8BA49FBF595}.Release|Any CPU.ActiveCfg = Release|Any CPU
		{E27BBA25-1895-48EE-B24F-B8BA49FBF595}.Release|Any CPU.Build.0 = Release|Any CPU
	EndGlobalSection
	GlobalSection(SolutionProperties) = preSolution
		HideSolutionNode = FALSE
	EndGlobalSection
	GlobalSection(ExtensibilityGlobals) = postSolution
		SolutionGuid = {D7A858F3-2A2A-4A29-98CE-5437F2D9253A}
	EndGlobalSection
EndGlobal
