
Microsoft Visual Studio Solution File, Format Version 12.00
# Visual Studio Version 17
VisualStudioVersion = 17.14.35821.62 d17.14
MinimumVisualStudioVersion = 10.0.40219.1
Project("{FAE04EC0-301F-11D3-BF4B-00C04F79EFBC}") = "OrangesRotting", "OrangesRotting\OrangesRotting.csproj", "{CE3F7B42-1076-4109-8301-EC1E370CEC32}"
EndProject
Global
	GlobalSection(SolutionConfigurationPlatforms) = preSolution
		Debug|Any CPU = Debug|Any CPU
		Release|Any CPU = Release|Any CPU
	EndGlobalSection
	GlobalSection(ProjectConfigurationPlatforms) = postSolution
		{CE3F7B42-1076-4109-8301-EC1E370CEC32}.Debug|Any CPU.ActiveCfg = Debug|Any CPU
		{CE3F7B42-1076-4109-8301-EC1E370CEC32}.Debug|Any CPU.Build.0 = Debug|Any CPU
		{CE3F7B42-1076-4109-8301-EC1E370CEC32}.Release|Any CPU.ActiveCfg = Release|Any CPU
		{CE3F7B42-1076-4109-8301-EC1E370CEC32}.Release|Any CPU.Build.0 = Release|Any CPU
	EndGlobalSection
	GlobalSection(SolutionProperties) = preSolution
		HideSolutionNode = FALSE
	EndGlobalSection
	GlobalSection(ExtensibilityGlobals) = postSolution
		SolutionGuid = {E0448145-ECDC-44F8-9C62-E2D72C92756F}
	EndGlobalSection
EndGlobal
