
Microsoft Visual Studio Solution File, Format Version 12.00
# Visual Studio Version 17
VisualStudioVersion = 17.9.34622.214
MinimumVisualStudioVersion = 10.0.40219.1
Project("{FAE04EC0-301F-11D3-BF4B-00C04F79EFBC}") = "Stack", "Stack.csproj", "{B3098DE4-7958-43B3-99C7-ADBF95C7A331}"
EndProject
Global
	GlobalSection(SolutionConfigurationPlatforms) = preSolution
		Debug|Any CPU = Debug|Any CPU
		Release|Any CPU = Release|Any CPU
	EndGlobalSection
	GlobalSection(ProjectConfigurationPlatforms) = postSolution
		{B3098DE4-7958-43B3-99C7-ADBF95C7A331}.Debug|Any CPU.ActiveCfg = Debug|Any CPU
		{B3098DE4-7958-43B3-99C7-ADBF95C7A331}.Debug|Any CPU.Build.0 = Debug|Any CPU
		{B3098DE4-7958-43B3-99C7-ADBF95C7A331}.Release|Any CPU.ActiveCfg = Release|Any CPU
		{B3098DE4-7958-43B3-99C7-ADBF95C7A331}.Release|Any CPU.Build.0 = Release|Any CPU
	EndGlobalSection
	GlobalSection(SolutionProperties) = preSolution
		HideSolutionNode = FALSE
	EndGlobalSection
	GlobalSection(ExtensibilityGlobals) = postSolution
		SolutionGuid = {08D1D69D-E8B0-4239-B3A6-94E1D2CBE93B}
	EndGlobalSection
EndGlobal
