
Microsoft Visual Studio Solution File, Format Version 12.00
# Visual Studio Version 17
VisualStudioVersion = 17.9.34622.214
MinimumVisualStudioVersion = 10.0.40219.1
Project("{FAE04EC0-301F-11D3-BF4B-00C04F79EFBC}") = "Palindrome(LinkedList)", "Palindrome(LinkedList).csproj", "{39D9E1A4-10F3-40F6-B102-5BF4ADC52A91}"
EndProject
Global
	GlobalSection(SolutionConfigurationPlatforms) = preSolution
		Debug|Any CPU = Debug|Any CPU
		Release|Any CPU = Release|Any CPU
	EndGlobalSection
	GlobalSection(ProjectConfigurationPlatforms) = postSolution
		{39D9E1A4-10F3-40F6-B102-5BF4ADC52A91}.Debug|Any CPU.ActiveCfg = Debug|Any CPU
		{39D9E1A4-10F3-40F6-B102-5BF4ADC52A91}.Debug|Any CPU.Build.0 = Debug|Any CPU
		{39D9E1A4-10F3-40F6-B102-5BF4ADC52A91}.Release|Any CPU.ActiveCfg = Release|Any CPU
		{39D9E1A4-10F3-40F6-B102-5BF4ADC52A91}.Release|Any CPU.Build.0 = Release|Any CPU
	EndGlobalSection
	GlobalSection(SolutionProperties) = preSolution
		HideSolutionNode = FALSE
	EndGlobalSection
	GlobalSection(ExtensibilityGlobals) = postSolution
		SolutionGuid = {EC87BE15-D634-4520-9ACC-2E1632E3E088}
	EndGlobalSection
EndGlobal
