
Microsoft Visual Studio Solution File, Format Version 12.00
# Visual Studio Version 17
VisualStudioVersion = 17.13.35617.110 d17.13
MinimumVisualStudioVersion = 10.0.40219.1
Project("{FAE04EC0-301F-11D3-BF4B-00C04F79EFBC}") = "EnumWithFlags", "EnumWithFlags\EnumWithFlags.csproj", "{818E79B9-D319-40CC-BE08-31D36D06BD95}"
EndProject
Global
	GlobalSection(SolutionConfigurationPlatforms) = preSolution
		Debug|Any CPU = Debug|Any CPU
		Release|Any CPU = Release|Any CPU
	EndGlobalSection
	GlobalSection(ProjectConfigurationPlatforms) = postSolution
		{818E79B9-D319-40CC-BE08-31D36D06BD95}.Debug|Any CPU.ActiveCfg = Debug|Any CPU
		{818E79B9-D319-40CC-BE08-31D36D06BD95}.Debug|Any CPU.Build.0 = Debug|Any CPU
		{818E79B9-D319-40CC-BE08-31D36D06BD95}.Release|Any CPU.ActiveCfg = Release|Any CPU
		{818E79B9-D319-40CC-BE08-31D36D06BD95}.Release|Any CPU.Build.0 = Release|Any CPU
	EndGlobalSection
	GlobalSection(SolutionProperties) = preSolution
		HideSolutionNode = FALSE
	EndGlobalSection
	GlobalSection(ExtensibilityGlobals) = postSolution
		SolutionGuid = {8444BA0F-9AB8-4044-948A-6241A5F6C9B6}
	EndGlobalSection
EndGlobal
