
Microsoft Visual Studio Solution File, Format Version 12.00
# Visual Studio Version 17
VisualStudioVersion = 17.11.35327.3
MinimumVisualStudioVersion = 10.0.40219.1
Project("{FAE04EC0-301F-11D3-BF4B-00C04F79EFBC}") = "EventHandlerÜbung", "EventHandlerÜbung\EventHandlerÜbung.csproj", "{DA6754B8-D5DB-491B-AC23-C479D8CC6D38}"
EndProject
Global
	GlobalSection(SolutionConfigurationPlatforms) = preSolution
		Debug|Any CPU = Debug|Any CPU
		Release|Any CPU = Release|Any CPU
	EndGlobalSection
	GlobalSection(ProjectConfigurationPlatforms) = postSolution
		{DA6754B8-D5DB-491B-AC23-C479D8CC6D38}.Debug|Any CPU.ActiveCfg = Debug|Any CPU
		{DA6754B8-D5DB-491B-AC23-C479D8CC6D38}.Debug|Any CPU.Build.0 = Debug|Any CPU
		{DA6754B8-D5DB-491B-AC23-C479D8CC6D38}.Release|Any CPU.ActiveCfg = Release|Any CPU
		{DA6754B8-D5DB-491B-AC23-C479D8CC6D38}.Release|Any CPU.Build.0 = Release|Any CPU
	EndGlobalSection
	GlobalSection(SolutionProperties) = preSolution
		HideSolutionNode = FALSE
	EndGlobalSection
	GlobalSection(ExtensibilityGlobals) = postSolution
		SolutionGuid = {43BE4EC8-F885-43E6-9805-789B0D651A90}
	EndGlobalSection
EndGlobal
