
Microsoft Visual Studio Solution File, Format Version 12.00
# Visual Studio Version 17
VisualStudioVersion = 17.14.35821.62 d17.14
MinimumVisualStudioVersion = 10.0.40219.1
Project("{FAE04EC0-301F-11D3-BF4B-00C04F79EFBC}") = "FindMissingAndRepeatedValues", "FindMissingAndRepeatedValues\FindMissingAndRepeatedValues.csproj", "{9F49F408-5602-43EA-B577-8CD5398D8546}"
EndProject
Global
	GlobalSection(SolutionConfigurationPlatforms) = preSolution
		Debug|Any CPU = Debug|Any CPU
		Release|Any CPU = Release|Any CPU
	EndGlobalSection
	GlobalSection(ProjectConfigurationPlatforms) = postSolution
		{9F49F408-5602-43EA-B577-8CD5398D8546}.Debug|Any CPU.ActiveCfg = Debug|Any CPU
		{9F49F408-5602-43EA-B577-8CD5398D8546}.Debug|Any CPU.Build.0 = Debug|Any CPU
		{9F49F408-5602-43EA-B577-8CD5398D8546}.Release|Any CPU.ActiveCfg = Release|Any CPU
		{9F49F408-5602-43EA-B577-8CD5398D8546}.Release|Any CPU.Build.0 = Release|Any CPU
	EndGlobalSection
	GlobalSection(SolutionProperties) = preSolution
		HideSolutionNode = FALSE
	EndGlobalSection
	GlobalSection(ExtensibilityGlobals) = postSolution
		SolutionGuid = {8E4CA6ED-FC57-4A80-8E7F-EE1307052C00}
	EndGlobalSection
EndGlobal
