
Microsoft Visual Studio Solution File, Format Version 12.00
# Visual Studio Version 17
VisualStudioVersion = 17.10.35122.118
MinimumVisualStudioVersion = 10.0.40219.1
Project("{FAE04EC0-301F-11D3-BF4B-00C04F79EFBC}") = "LemonadeChange", "LemonadeChange\LemonadeChange.csproj", "{5FD1FA65-8639-416F-807A-6EF8B47ABC17}"
EndProject
Global
	GlobalSection(SolutionConfigurationPlatforms) = preSolution
		Debug|Any CPU = Debug|Any CPU
		Release|Any CPU = Release|Any CPU
	EndGlobalSection
	GlobalSection(ProjectConfigurationPlatforms) = postSolution
		{5FD1FA65-8639-416F-807A-6EF8B47ABC17}.Debug|Any CPU.ActiveCfg = Debug|Any CPU
		{5FD1FA65-8639-416F-807A-6EF8B47ABC17}.Debug|Any CPU.Build.0 = Debug|Any CPU
		{5FD1FA65-8639-416F-807A-6EF8B47ABC17}.Release|Any CPU.ActiveCfg = Release|Any CPU
		{5FD1FA65-8639-416F-807A-6EF8B47ABC17}.Release|Any CPU.Build.0 = Release|Any CPU
	EndGlobalSection
	GlobalSection(SolutionProperties) = preSolution
		HideSolutionNode = FALSE
	EndGlobalSection
	GlobalSection(ExtensibilityGlobals) = postSolution
		SolutionGuid = {68D75A12-0D4A-49AA-82F0-A3AE47F86334}
	EndGlobalSection
EndGlobal
