
Microsoft Visual Studio Solution File, Format Version 12.00
# Visual Studio Version 17
VisualStudioVersion = 17.12.35527.113 d17.12
MinimumVisualStudioVersion = 10.0.40219.1
Project("{FAE04EC0-301F-11D3-BF4B-00C04F79EFBC}") = "BinaryTreeIterators", "BinaryTreeIterators\BinaryTreeIterators.csproj", "{B12A84D2-D6A0-447B-9664-068635DF8564}"
EndProject
Global
	GlobalSection(SolutionConfigurationPlatforms) = preSolution
		Debug|Any CPU = Debug|Any CPU
		Release|Any CPU = Release|Any CPU
	EndGlobalSection
	GlobalSection(ProjectConfigurationPlatforms) = postSolution
		{B12A84D2-D6A0-447B-9664-068635DF8564}.Debug|Any CPU.ActiveCfg = Debug|Any CPU
		{B12A84D2-D6A0-447B-9664-068635DF8564}.Debug|Any CPU.Build.0 = Debug|Any CPU
		{B12A84D2-D6A0-447B-9664-068635DF8564}.Release|Any CPU.ActiveCfg = Release|Any CPU
		{B12A84D2-D6A0-447B-9664-068635DF8564}.Release|Any CPU.Build.0 = Release|Any CPU
	EndGlobalSection
	GlobalSection(SolutionProperties) = preSolution
		HideSolutionNode = FALSE
	EndGlobalSection
EndGlobal
