
Microsoft Visual Studio Solution File, Format Version 12.00
# Visual Studio Version 17
VisualStudioVersion = 17.9.34622.214
MinimumVisualStudioVersion = 10.0.40219.1
Project("{FAE04EC0-301F-11D3-BF4B-00C04F79EFBC}") = "RemoveDuplicatesFromLinkedList", "RemoveDuplicatesFromLinkedList.csproj", "{31899B74-39C0-42E1-9AEF-B4B80A5892B4}"
EndProject
Global
	GlobalSection(SolutionConfigurationPlatforms) = preSolution
		Debug|Any CPU = Debug|Any CPU
		Release|Any CPU = Release|Any CPU
	EndGlobalSection
	GlobalSection(ProjectConfigurationPlatforms) = postSolution
		{31899B74-39C0-42E1-9AEF-B4B80A5892B4}.Debug|Any CPU.ActiveCfg = Debug|Any CPU
		{31899B74-39C0-42E1-9AEF-B4B80A5892B4}.Debug|Any CPU.Build.0 = Debug|Any CPU
		{31899B74-39C0-42E1-9AEF-B4B80A5892B4}.Release|Any CPU.ActiveCfg = Release|Any CPU
		{31899B74-39C0-42E1-9AEF-B4B80A5892B4}.Release|Any CPU.Build.0 = Release|Any CPU
	EndGlobalSection
	GlobalSection(SolutionProperties) = preSolution
		HideSolutionNode = FALSE
	EndGlobalSection
	GlobalSection(ExtensibilityGlobals) = postSolution
		SolutionGuid = {DC6A607D-748D-4DAD-97DF-92BC5075806C}
	EndGlobalSection
EndGlobal
